schema: '2.0'
stages:
  preprocess:
    cmd: python -m src.data.preprocess
    deps:
    - path: data/raw/area_wise_demand.csv
      hash: md5
      md5: 26dcc9a074ebcaff21811eadf9953e46
      size: 675229
    - path: src/data/preprocess.py
      hash: md5
      md5: 110b8a738bf68e4a727eac5025a5044c
      size: 14342
    outs:
    - path: data/processed/area_wise_demand_processed.csv
      hash: md5
      md5: a736910f6fa6e9deddab26ed2751dd82
      size: 819466
  build_target:
    cmd: python -m src.features.build_target
    deps:
    - path: data/processed/area_wise_demand_processed.csv
      hash: md5
      md5: a736910f6fa6e9deddab26ed2751dd82
      size: 819466
    - path: src/features/build_target.py
      hash: md5
      md5: 3c0e484f7a2b6c870c28193a3d801b5d
      size: 4898
    outs:
    - path: data/processed/national_daily_demand.csv
      hash: md5
      md5: bf117f9fc74031fcc49e8d3d4dec2976
      size: 90695
  build_features:
    cmd: python -m src.features.build_features
    deps:
    - path: data/processed/national_daily_demand.csv
      hash: md5
      md5: bf117f9fc74031fcc49e8d3d4dec2976
      size: 90695
    - path: data/raw/dhaka_weather.csv
      hash: md5
      md5: f900228e2b9f59fccdb160ad4a74552a
      size: 86892
    - path: src/features/build_features.py
      hash: md5
      md5: 0cf35dfe811dd92b20f8c6da5dd65d6b
      size: 12891
    outs:
    - path: data/processed/model_features.csv
      hash: md5
      md5: 544677592c3eefb89669572da8d49624
      size: 396865
  build_regional_target:
    cmd: python -m src.features.build_regional_target
    deps:
    - path: data/processed/area_wise_demand_processed.csv
      hash: md5
      md5: a736910f6fa6e9deddab26ed2751dd82
      size: 819466
    - path: src/features/build_regional_target.py
      hash: md5
      md5: 2dec8d41491796cb9fed07e8bcf759c3
      size: 5649
    outs:
    - path: data/processed/regional_daily_demand.csv
      hash: md5
      md5: a4b82bdfa51cc835891cce15d8d6a494
      size: 1018018
  build_regional_features:
    cmd: python -m src.features.build_regional_features
    deps:
    - path: data/processed/area_wise_demand_processed.csv
      hash: md5
      md5: a736910f6fa6e9deddab26ed2751dd82
      size: 819466
    - path: data/raw/dhaka_weather.csv
      hash: md5
      md5: f900228e2b9f59fccdb160ad4a74552a
      size: 86892
    - path: src/features/build_regional_features.py
      hash: md5
      md5: 3ef1894360b3c290d5819868d744282e
      size: 11486
    outs:
    - path: data/processed/regional_model_features.csv
      hash: md5
      md5: 04bb9fa44fa43c64275886bc1de0e88b
      size: 3659378
  build_inference_features:
    cmd: python -m src.features.build_inference_features
    deps:
    - path: data/processed/area_wise_demand_processed.csv
      hash: md5
      md5: a736910f6fa6e9deddab26ed2751dd82
      size: 819466
    - path: data/raw/dhaka_weather.csv
      hash: md5
      md5: f900228e2b9f59fccdb160ad4a74552a
      size: 86892
    - path: src/features/build_inference_features.py
      hash: md5
      md5: f9f95bc1e71237ff175befdce225df92
      size: 17616
    outs:
    - path: data/processed/national_inference_features.csv
      hash: md5
      md5: 3eff0d691ef667f708255429adc44c09
      size: 374899
    - path: data/processed/regional_inference_features.csv
      hash: md5
      md5: 648529b2a5a89091a7b03cc91f7097cd
      size: 3489552
