schema: '2.0'
stages:
  preprocess:
    cmd: python -m src.data.preprocess
    deps:
    - path: data/raw/area_wise_demand.csv
      hash: md5
      md5: cd3f49eb2243e4ac1a4232fc2c2d3fb7
      size: 653502
    - path: src/data/preprocess.py
      hash: md5
      md5: f7e2c545acddd77e61e0d0cfeef919e6
      size: 13615
    outs:
    - path: data/processed/area_wise_demand_processed.csv
      hash: md5
      md5: d02867ba74cf0893d6bfdcbdb1d0b8ee
      size: 797343
  build_target:
    cmd: python -m src.features.build_target
    deps:
    - path: data/processed/area_wise_demand_processed.csv
      hash: md5
      md5: d02867ba74cf0893d6bfdcbdb1d0b8ee
      size: 797343
    - path: src/features/build_target.py
      hash: md5
      md5: 8a47e076b5864488a9acd05407a8f1c3
      size: 4669
    outs:
    - path: data/processed/national_daily_demand.csv
      hash: md5
      md5: 24cf5273564037d7d4d13df003334cdc
      size: 88318
  build_features:
    cmd: python -m src.features.build_features
    deps:
    - path: data/processed/national_daily_demand.csv
      hash: md5
      md5: 24cf5273564037d7d4d13df003334cdc
      size: 88318
    - path: data/raw/dhaka_weather.csv
      hash: md5
      md5: d9615aeda68d44c1df9ad511bb88eac8
      size: 84433
    - path: src/features/build_features.py
      hash: md5
      md5: 1ee24442214460b8df31aa25879ad287
      size: 12267
    outs:
    - path: data/processed/model_features.csv
      hash: md5
      md5: bd7627c52212f2e3e69b9824a3cb1227
      size: 394514
  build_regional_target:
    cmd: python -m src.features.build_regional_target
    deps:
    - path: data/processed/area_wise_demand_processed.csv
      hash: md5
      md5: d02867ba74cf0893d6bfdcbdb1d0b8ee
      size: 797343
    - path: src/features/build_regional_target.py
      hash: md5
      md5: 45546ec81ab5afaa0efe4062aec6e8ac
      size: 5378
    outs:
    - path: data/processed/regional_daily_demand.csv
      hash: md5
      md5: 11604ad25a9d85a9375e83a11c92af9f
      size: 996633
  build_regional_features:
    cmd: python -m src.features.build_regional_features
    deps:
    - path: data/processed/area_wise_demand_processed.csv
      hash: md5
      md5: d02867ba74cf0893d6bfdcbdb1d0b8ee
      size: 797343
    - path: data/raw/dhaka_weather.csv
      hash: md5
      md5: d9615aeda68d44c1df9ad511bb88eac8
      size: 84433
    - path: src/features/build_regional_features.py
      hash: md5
      md5: a0f20939e677a770d69195e3ac460413
      size: 10965
    outs:
    - path: data/processed/regional_model_features.csv
      hash: md5
      md5: 5e6420d45c5389f1e4030a690b18005d
      size: 3638227
  build_inference_features:
    cmd: python -m src.features.build_inference_features
    deps:
    - path: data/processed/area_wise_demand_processed.csv
      hash: md5
      md5: d02867ba74cf0893d6bfdcbdb1d0b8ee
      size: 797343
    - path: data/raw/dhaka_weather.csv
      hash: md5
      md5: d9615aeda68d44c1df9ad511bb88eac8
      size: 84433
    - path: src/features/build_inference_features.py
      hash: md5
      md5: 6d54c4fc47ee05e25f2aeaf64b4cba39
      size: 16744
    outs:
    - path: data/processed/national_inference_features.csv
      hash: md5
      md5: 77959bc273d52bdf759aafda331b7005
      size: 372512
    - path: data/processed/regional_inference_features.csv
      hash: md5
      md5: 85c6070b6cd1242303b925be6c2e555a
      size: 3468077
