schema: '2.0'
stages:
  preprocess:
    cmd: python -m src.data.preprocess
    deps:
    - path: data/raw/area_wise_demand.csv
      hash: md5
      md5: 96ad44fd832876067dfc51a0ad5abe3a
      size: 587318
    - path: src/data/preprocess.py
      hash: md5
      md5: 110b8a738bf68e4a727eac5025a5044c
      size: 14342
    outs:
    - path: data/processed/area_wise_demand_processed.csv
      hash: md5
      md5: 6a8ba783dd393ef6a156ee5cbfc46f1d
      size: 818099
  build_target:
    cmd: python -m src.features.build_target
    deps:
    - path: data/processed/area_wise_demand_processed.csv
      hash: md5
      md5: 6a8ba783dd393ef6a156ee5cbfc46f1d
      size: 818099
    - path: src/features/build_target.py
      hash: md5
      md5: 02b5fa5b77935d99ed561bd60acca9b9
      size: 3301
    outs:
    - path: data/processed/national_daily_demand.csv
      hash: md5
      md5: 311eed7db4c954058b97c3805e64ddfa
      size: 90533
  build_features:
    cmd: python -m src.features.build_features
    deps:
    - path: data/processed/national_daily_demand.csv
      hash: md5
      md5: 311eed7db4c954058b97c3805e64ddfa
      size: 90533
    - path: data/raw/dhaka_weather.csv
      hash: md5
      md5: 130937d6df43246f5d3d77b56c15a412
      size: 86748
    - path: src/features/build_features.py
      hash: md5
      md5: 17c662b9ae79a216fd8dacc993e2ae7f
      size: 10287
    outs:
    - path: data/processed/model_features.csv
      hash: md5
      md5: 4a753d2b8d5469d44e5806c244cfa7fb
      size: 286693
  build_regional_target:
    cmd: python -m src.features.build_regional_target
    deps:
    - path: data/processed/area_wise_demand_processed.csv
      hash: md5
      md5: 6a8ba783dd393ef6a156ee5cbfc46f1d
      size: 818099
    - path: src/features/build_regional_target.py
      hash: md5
      md5: 2dec8d41491796cb9fed07e8bcf759c3
      size: 5649
    outs:
    - path: data/processed/regional_daily_demand.csv
      hash: md5
      md5: 30b00fb4be7b4562a59d64de02c55375
      size: 1016255
  build_regional_features:
    cmd: python -m src.features.build_regional_features
    deps:
    - path: data/processed/area_wise_demand_processed.csv
      hash: md5
      md5: 6a8ba783dd393ef6a156ee5cbfc46f1d
      size: 818099
    - path: data/raw/dhaka_weather.csv
      hash: md5
      md5: 130937d6df43246f5d3d77b56c15a412
      size: 86748
    - path: src/features/build_regional_features.py
      hash: md5
      md5: 3ef1894360b3c290d5819868d744282e
      size: 11486
    outs:
    - path: data/processed/regional_model_features.csv
      hash: md5
      md5: c588d098dc5c6af1aeffca379666daa2
      size: 3653029
  build_inference_features:
    cmd: python -m src.features.build_inference_features
    deps:
    - path: data/processed/area_wise_demand_processed.csv
      hash: md5
      md5: 6a8ba783dd393ef6a156ee5cbfc46f1d
      size: 818099
    - path: data/raw/dhaka_weather.csv
      hash: md5
      md5: 130937d6df43246f5d3d77b56c15a412
      size: 86748
    - path: src/features/build_inference_features.py
      hash: md5
      md5: f9f95bc1e71237ff175befdce225df92
      size: 17616
    outs:
    - path: data/processed/national_inference_features.csv
      hash: md5
      md5: a31c28331a94cc1f0156b2d7be39fe40
      size: 374259
    - path: data/processed/regional_inference_features.csv
      hash: md5
      md5: ca82fd7ab0d9e5125e5037b882846c1c
      size: 3483564
